
Microsoft Visual Studio Solution File, Format Version 12.00
# Visual Studio Version 17
VisualStudioVersion = 17.0.32112.339
MinimumVisualStudioVersion = 10.0.40219.1
Project("{FAE04EC0-301F-11D3-BF4B-00C04F79EFBC}") = "homeWork3", "homeWork3\homeWork3.csproj", "{AD6A5617-1736-4563-BB2B-D249C2321F6D}"
EndProject
Project("{FAE04EC0-301F-11D3-BF4B-00C04F79EFBC}") = "lesson1", "lesson1\lesson1.csproj", "{6F4D6671-FC2E-47CC-9EBF-237B650F014A}"
EndProject
Project("{FAE04EC0-301F-11D3-BF4B-00C04F79EFBC}") = "lesson2", "lesson2\lesson2.csproj", "{86DCAD0A-9DAE-49A8-9B96-C07E42E9814E}"
EndProject
Global
	GlobalSection(SolutionConfigurationPlatforms) = preSolution
		Debug|Any CPU = Debug|Any CPU
		Release|Any CPU = Release|Any CPU
	EndGlobalSection
	GlobalSection(ProjectConfigurationPlatforms) = postSolution
		{AD6A5617-1736-4563-BB2B-D249C2321F6D}.Debug|Any CPU.ActiveCfg = Debug|Any CPU
		{AD6A5617-1736-4563-BB2B-D249C2321F6D}.Debug|Any CPU.Build.0 = Debug|Any CPU
		{AD6A5617-1736-4563-BB2B-D249C2321F6D}.Release|Any CPU.ActiveCfg = Release|Any CPU
		{AD6A5617-1736-4563-BB2B-D249C2321F6D}.Release|Any CPU.Build.0 = Release|Any CPU
		{6F4D6671-FC2E-47CC-9EBF-237B650F014A}.Debug|Any CPU.ActiveCfg = Debug|Any CPU
		{6F4D6671-FC2E-47CC-9EBF-237B650F014A}.Debug|Any CPU.Build.0 = Debug|Any CPU
		{6F4D6671-FC2E-47CC-9EBF-237B650F014A}.Release|Any CPU.ActiveCfg = Release|Any CPU
		{6F4D6671-FC2E-47CC-9EBF-237B650F014A}.Release|Any CPU.Build.0 = Release|Any CPU
		{86DCAD0A-9DAE-49A8-9B96-C07E42E9814E}.Debug|Any CPU.ActiveCfg = Debug|Any CPU
		{86DCAD0A-9DAE-49A8-9B96-C07E42E9814E}.Debug|Any CPU.Build.0 = Debug|Any CPU
		{86DCAD0A-9DAE-49A8-9B96-C07E42E9814E}.Release|Any CPU.ActiveCfg = Release|Any CPU
		{86DCAD0A-9DAE-49A8-9B96-C07E42E9814E}.Release|Any CPU.Build.0 = Release|Any CPU
	EndGlobalSection
	GlobalSection(SolutionProperties) = preSolution
		HideSolutionNode = FALSE
	EndGlobalSection
	GlobalSection(ExtensibilityGlobals) = postSolution
		SolutionGuid = {E7AE55B4-1FC5-4A94-ADE1-F8415C5F8EFA}
	EndGlobalSection
EndGlobal
